<Solution>
  <Project Path="src/CrudKit.Core/CrudKit.Core.csproj" />
  <Project Path="src/CrudKit.EntityFrameworkCore/CrudKit.EntityFrameworkCore.csproj" />
  <Project Path="tests/CrudKit.Core.Tests/CrudKit.Core.Tests.csproj" />
  <Project Path="tests/CrudKit.EntityFrameworkCore.Tests/CrudKit.EntityFrameworkCore.Tests.csproj" />
</Solution>
